<?xml version="1.0" encoding="utf-8"?>
<Project ToolsVersion="4.0" xmlns="http://schemas.microsoft.com/developer/msbuild/2003">
  <ItemGroup>
    <Filter Include="源文件">
      <UniqueIdentifier>{4FC737F1-C7A5-4376-A066-2A32D752A2FF}</UniqueIdentifier>
      <Extensions>cpp;c;cc;cxx;c++;cppm;ixx;def;odl;idl;hpj;bat;asm;asmx</Extensions>
    </Filter>
    <Filter Include="头文件">
      <UniqueIdentifier>{93995380-89BD-4b04-88EB-625FBE52EBFB}</UniqueIdentifier>
      <Extensions>h;hh;hpp;hxx;h++;hm;inl;inc;ipp;xsd</Extensions>
    </Filter>
    <Filter Include="资源文件">
      <UniqueIdentifier>{67DA6AB6-F800-4c08-8B7A-83BB121AAD01}</UniqueIdentifier>
      <Extensions>rc;ico;cur;bmp;dlg;rc2;rct;bin;rgs;gif;jpg;jpeg;jpe;resx;tiff;tif;png;wav;mfcribbon-ms</Extensions>
    </Filter>
    <Filter Include="源文件\elfBean">
      <UniqueIdentifier>{8e3e4f9d-0509-4e3c-9fe6-534c2b34eb18}</UniqueIdentifier>
    </Filter>
    <Filter Include="源文件\equipBean">
      <UniqueIdentifier>{90a1d63f-7922-406e-a34c-b49bdab5fefc}</UniqueIdentifier>
    </Filter>
    <Filter Include="资源文件\assert">
      <UniqueIdentifier>{fa668d23-cfea-4c34-93f0-325727abc789}</UniqueIdentifier>
    </Filter>
    <Filter Include="资源文件\background">
      <UniqueIdentifier>{c10dbdbb-9cc9-4b00-af11-363a0115d7ca}</UniqueIdentifier>
    </Filter>
  </ItemGroup>
  <ItemGroup>
    <ClCompile Include="myProject.cpp">
      <Filter>源文件</Filter>
    </ClCompile>
    <ClCompile Include="..\src\loadBackgroud.cpp">
      <Filter>源文件</Filter>
    </ClCompile>
    <ClCompile Include="..\src\mouse.cpp">
      <Filter>源文件</Filter>
    </ClCompile>
    <ClCompile Include="..\src\operation.cpp">
      <Filter>源文件</Filter>
    </ClCompile>
    <ClCompile Include="..\src\pet.cpp">
      <Filter>源文件\elfBean</Filter>
    </ClCompile>
    <ClCompile Include="..\src\Equipment.cpp">
      <Filter>源文件\equipBean</Filter>
    </ClCompile>
  </ItemGroup>
  <ItemGroup>
    <ClInclude Include="..\inc\loadBackgroud.h">
      <Filter>头文件</Filter>
    </ClInclude>
    <ClInclude Include="..\inc\global.h">
      <Filter>头文件</Filter>
    </ClInclude>
    <ClInclude Include="..\inc\mouse.h">
      <Filter>头文件</Filter>
    </ClInclude>
    <ClInclude Include="..\inc\operation.h">
      <Filter>头文件</Filter>
    </ClInclude>
    <ClInclude Include="..\inc\pet.h">
      <Filter>头文件</Filter>
    </ClInclude>
    <ClInclude Include="..\src\Pipi.hpp">
      <Filter>源文件\elfBean</Filter>
    </ClInclude>
    <ClInclude Include="..\src\Ray.hpp">
      <Filter>源文件\elfBean</Filter>
    </ClInclude>
    <ClInclude Include="..\src\SawShark.hpp">
      <Filter>源文件\elfBean</Filter>
    </ClInclude>
    <ClInclude Include="..\src\SmallMonkey.hpp">
      <Filter>源文件\elfBean</Filter>
    </ClInclude>
    <ClInclude Include="..\src\Eva.hpp">
      <Filter>源文件\elfBean</Filter>
    </ClInclude>
    <ClInclude Include="..\src\BritneySeeds.hpp">
      <Filter>源文件\elfBean</Filter>
    </ClInclude>
    <ClInclude Include="..\inc\Equipment.h">
      <Filter>头文件</Filter>
    </ClInclude>
    <ClInclude Include="..\src\Attack.hpp">
      <Filter>源文件\equipBean</Filter>
    </ClInclude>
    <ClInclude Include="..\src\Defensive.hpp">
      <Filter>源文件\equipBean</Filter>
    </ClInclude>
  </ItemGroup>
  <ItemGroup>
    <Image Include="..\assert\bbzz1.png">
      <Filter>资源文件\assert</Filter>
    </Image>
    <Image Include="..\assert\bbzz2.png">
      <Filter>资源文件\assert</Filter>
    </Image>
    <Image Include="..\assert\bbzz3.png">
      <Filter>资源文件\assert</Filter>
    </Image>
    <Image Include="..\assert\gy.png">
      <Filter>资源文件\assert</Filter>
    </Image>
    <Image Include="..\assert\hero_blowup_n4.png">
      <Filter>资源文件\assert</Filter>
    </Image>
    <Image Include="..\assert\kxs1.png">
      <Filter>资源文件\assert</Filter>
    </Image>
    <Image Include="..\assert\ls1.png">
      <Filter>资源文件\assert</Filter>
    </Image>
    <Image Include="..\assert\ls2.png">
      <Filter>资源文件\assert</Filter>
    </Image>
    <Image Include="..\assert\ls3.png">
      <Filter>资源文件\assert</Filter>
    </Image>
    <Image Include="..\assert\pp1.png">
      <Filter>资源文件\assert</Filter>
    </Image>
    <Image Include="..\assert\pp2.png">
      <Filter>资源文件\assert</Filter>
    </Image>
    <Image Include="..\assert\pp3.png">
      <Filter>资源文件\assert</Filter>
    </Image>
    <Image Include="..\assert\xhh1.png">
      <Filter>资源文件\assert</Filter>
    </Image>
    <Image Include="..\assert\xhh2.png">
      <Filter>资源文件\assert</Filter>
    </Image>
    <Image Include="..\assert\xhh3.png">
      <Filter>资源文件\assert</Filter>
    </Image>
    <Image Include="..\assert\yb1.png">
      <Filter>资源文件\assert</Filter>
    </Image>
    <Image Include="..\assert\yb2.png">
      <Filter>资源文件\assert</Filter>
    </Image>
    <Image Include="..\assert\yb3.png">
      <Filter>资源文件\assert</Filter>
    </Image>
    <Image Include="..\images\backgroud\against.png">
      <Filter>资源文件\background</Filter>
    </Image>
    <Image Include="..\images\backgroud\bk1.png">
      <Filter>资源文件\background</Filter>
    </Image>
    <Image Include="..\images\backgroud\bk2.png">
      <Filter>资源文件\background</Filter>
    </Image>
    <Image Include="..\images\backgroud\describe1.png">
      <Filter>资源文件\background</Filter>
    </Image>
    <Image Include="..\images\backgroud\describe2.png">
      <Filter>资源文件\background</Filter>
    </Image>
    <Image Include="..\images\backgroud\describe3.png">
      <Filter>资源文件\background</Filter>
    </Image>
    <Image Include="..\images\backgroud\describe4.png">
      <Filter>资源文件\background</Filter>
    </Image>
    <Image Include="..\images\backgroud\describe5.png">
      <Filter>资源文件\background</Filter>
    </Image>
    <Image Include="..\images\backgroud\describe6.png">
      <Filter>资源文件\background</Filter>
    </Image>
    <Image Include="..\images\backgroud\exit.png">
      <Filter>资源文件\background</Filter>
    </Image>
    <Image Include="..\images\backgroud\fairyHospital.png">
      <Filter>资源文件\background</Filter>
    </Image>
    <Image Include="..\images\backgroud\map.png">
      <Filter>资源文件\background</Filter>
    </Image>
    <Image Include="..\images\backgroud\map1.png">
      <Filter>资源文件\background</Filter>
    </Image>
    <Image Include="..\images\backgroud\map2.png">
      <Filter>资源文件\background</Filter>
    </Image>
    <Image Include="..\images\backgroud\map3.png">
      <Filter>资源文件\background</Filter>
    </Image>
    <Image Include="..\images\backgroud\mapExploration.png">
      <Filter>资源文件\background</Filter>
    </Image>
    <Image Include="..\images\backgroud\petBackpack.png">
      <Filter>资源文件\background</Filter>
    </Image>
    <Image Include="..\images\backgroud\petStore.png">
      <Filter>资源文件\background</Filter>
    </Image>
    <Image Include="..\images\backgroud\propBackpack.png">
      <Filter>资源文件\background</Filter>
    </Image>
    <Image Include="..\images\backgroud\start.png">
      <Filter>资源文件\background</Filter>
    </Image>
  </ItemGroup>
</Project>